
Microsoft Visual Studio Solution File, Format Version 12.00
# Visual Studio Version 17
VisualStudioVersion = 17.9.34714.143
MinimumVisualStudioVersion = 10.0.40219.1
Project("{FAE04EC0-301F-11D3-BF4B-00C04F79EFBC}") = "ConsoleAppGit2", "ConsoleAppGit2\ConsoleAppGit2.csproj", "{0D140390-DBCB-4B10-BD58-D2511D876ACE}"
EndProject
Global
	GlobalSection(SolutionConfigurationPlatforms) = preSolution
		Debug|Any CPU = Debug|Any CPU
		Release|Any CPU = Release|Any CPU
	EndGlobalSection
	GlobalSection(ProjectConfigurationPlatforms) = postSolution
		{0D140390-DBCB-4B10-BD58-D2511D876ACE}.Debug|Any CPU.ActiveCfg = Debug|Any CPU
		{0D140390-DBCB-4B10-BD58-D2511D876ACE}.Debug|Any CPU.Build.0 = Debug|Any CPU
		{0D140390-DBCB-4B10-BD58-D2511D876ACE}.Release|Any CPU.ActiveCfg = Release|Any CPU
		{0D140390-DBCB-4B10-BD58-D2511D876ACE}.Release|Any CPU.Build.0 = Release|Any CPU
	EndGlobalSection
	GlobalSection(SolutionProperties) = preSolution
		HideSolutionNode = FALSE
	EndGlobalSection
	GlobalSection(ExtensibilityGlobals) = postSolution
		SolutionGuid = {E2BFEB7F-97CA-42EF-9B75-CC1734CC35B3}
	EndGlobalSection
EndGlobal
